
Microsoft Visual Studio Solution File, Format Version 12.00
# Visual Studio 15
VisualStudioVersion = 15.0.28010.2050
MinimumVisualStudioVersion = 10.0.40219.1
Project("{D2ABAB84-BF74-430A-B69E-9DC6D40DDA17}") = "Chapter 07 Data Mining Decriptive Models", "Chapter 07 Data Mining Decriptive Models\Chapter 07 Data Mining Decriptive Models.dwproj", "{8D1A0691-9800-4256-A3DA-7D865825B6E4}"
EndProject
Global
	GlobalSection(SolutionConfigurationPlatforms) = preSolution
		Development|Default = Development|Default
	EndGlobalSection
	GlobalSection(ProjectConfigurationPlatforms) = postSolution
		{8D1A0691-9800-4256-A3DA-7D865825B6E4}.Development|Default.ActiveCfg = Development
		{8D1A0691-9800-4256-A3DA-7D865825B6E4}.Development|Default.Build.0 = Development
		{8D1A0691-9800-4256-A3DA-7D865825B6E4}.Development|Default.Deploy.0 = Development
	EndGlobalSection
	GlobalSection(SolutionProperties) = preSolution
		HideSolutionNode = FALSE
	EndGlobalSection
	GlobalSection(ExtensibilityGlobals) = postSolution
		SolutionGuid = {906FA4D6-518F-4096-A99E-008D55090F6A}
	EndGlobalSection
EndGlobal
